
Microsoft Visual Studio Solution File, Format Version 12.00
# Visual Studio Version 17
VisualStudioVersion = 17.9.34607.119
MinimumVisualStudioVersion = 10.0.40219.1
Project("{9A19103F-16F7-4668-BE54-9A1E7A4F7556}") = "Labs", "Labs.csproj", "{2F083BBD-33B3-47C9-86A5-ABB416CFDB20}"
EndProject
Project("{9A19103F-16F7-4668-BE54-9A1E7A4F7556}") = "lab2.1", "..\lab2.1\lab2.1.csproj", "{05354DA4-23C8-48AF-8B19-006355A869DB}"
EndProject
Project("{9A19103F-16F7-4668-BE54-9A1E7A4F7556}") = "lab2.2", "..\lab2.2\lab2.2.csproj", "{71F243C6-C36B-48EF-A636-AC6DC9E74EE2}"
EndProject
Project("{9A19103F-16F7-4668-BE54-9A1E7A4F7556}") = "lab2.3", "..\lab2.3\lab2.3.csproj", "{0F8B7340-5667-4536-B3F8-8C26AA984FC9}"
EndProject
Project("{9A19103F-16F7-4668-BE54-9A1E7A4F7556}") = "lab2.4", "..\lab2.4\lab2.4.csproj", "{AF922BBE-1103-45D5-9795-983640714BF2}"
EndProject
Project("{FAE04EC0-301F-11D3-BF4B-00C04F79EFBC}") = "lab2.1 WPF", "lab2.1 WPF\lab2.1 WPF.csproj", "{E561132A-D8A2-4305-A8F9-09E87ED9D852}"
EndProject
Global
	GlobalSection(SolutionConfigurationPlatforms) = preSolution
		Debug|Any CPU = Debug|Any CPU
		Release|Any CPU = Release|Any CPU
	EndGlobalSection
	GlobalSection(ProjectConfigurationPlatforms) = postSolution
		{2F083BBD-33B3-47C9-86A5-ABB416CFDB20}.Debug|Any CPU.ActiveCfg = Debug|Any CPU
		{2F083BBD-33B3-47C9-86A5-ABB416CFDB20}.Debug|Any CPU.Build.0 = Debug|Any CPU
		{2F083BBD-33B3-47C9-86A5-ABB416CFDB20}.Release|Any CPU.ActiveCfg = Release|Any CPU
		{2F083BBD-33B3-47C9-86A5-ABB416CFDB20}.Release|Any CPU.Build.0 = Release|Any CPU
		{05354DA4-23C8-48AF-8B19-006355A869DB}.Debug|Any CPU.ActiveCfg = Debug|Any CPU
		{05354DA4-23C8-48AF-8B19-006355A869DB}.Debug|Any CPU.Build.0 = Debug|Any CPU
		{05354DA4-23C8-48AF-8B19-006355A869DB}.Release|Any CPU.ActiveCfg = Release|Any CPU
		{05354DA4-23C8-48AF-8B19-006355A869DB}.Release|Any CPU.Build.0 = Release|Any CPU
		{71F243C6-C36B-48EF-A636-AC6DC9E74EE2}.Debug|Any CPU.ActiveCfg = Debug|Any CPU
		{71F243C6-C36B-48EF-A636-AC6DC9E74EE2}.Debug|Any CPU.Build.0 = Debug|Any CPU
		{71F243C6-C36B-48EF-A636-AC6DC9E74EE2}.Release|Any CPU.ActiveCfg = Release|Any CPU
		{71F243C6-C36B-48EF-A636-AC6DC9E74EE2}.Release|Any CPU.Build.0 = Release|Any CPU
		{0F8B7340-5667-4536-B3F8-8C26AA984FC9}.Debug|Any CPU.ActiveCfg = Debug|Any CPU
		{0F8B7340-5667-4536-B3F8-8C26AA984FC9}.Debug|Any CPU.Build.0 = Debug|Any CPU
		{0F8B7340-5667-4536-B3F8-8C26AA984FC9}.Release|Any CPU.ActiveCfg = Release|Any CPU
		{0F8B7340-5667-4536-B3F8-8C26AA984FC9}.Release|Any CPU.Build.0 = Release|Any CPU
		{AF922BBE-1103-45D5-9795-983640714BF2}.Debug|Any CPU.ActiveCfg = Debug|Any CPU
		{AF922BBE-1103-45D5-9795-983640714BF2}.Debug|Any CPU.Build.0 = Debug|Any CPU
		{AF922BBE-1103-45D5-9795-983640714BF2}.Release|Any CPU.ActiveCfg = Release|Any CPU
		{AF922BBE-1103-45D5-9795-983640714BF2}.Release|Any CPU.Build.0 = Release|Any CPU
		{E561132A-D8A2-4305-A8F9-09E87ED9D852}.Debug|Any CPU.ActiveCfg = Debug|Any CPU
		{E561132A-D8A2-4305-A8F9-09E87ED9D852}.Debug|Any CPU.Build.0 = Debug|Any CPU
		{E561132A-D8A2-4305-A8F9-09E87ED9D852}.Release|Any CPU.ActiveCfg = Release|Any CPU
		{E561132A-D8A2-4305-A8F9-09E87ED9D852}.Release|Any CPU.Build.0 = Release|Any CPU
	EndGlobalSection
	GlobalSection(SolutionProperties) = preSolution
		HideSolutionNode = FALSE
	EndGlobalSection
	GlobalSection(ExtensibilityGlobals) = postSolution
		SolutionGuid = {4476848B-5A77-47FA-BDEC-BFB031A30062}
	EndGlobalSection
EndGlobal
